
Microsoft Visual Studio Solution File, Format Version 12.00
# Visual Studio 14
VisualStudioVersion = 14.0.25420.1
MinimumVisualStudioVersion = 10.0.40219.1
Project("{E24C65DC-7377-472B-9ABA-BC803B73C61A}") = "mini-tree-view-js", "mini-tree-view-js\", "{965CD182-5A3F-4024-9BB9-B8D0027DE993}"
	ProjectSection(WebsiteProperties) = preProject
		TargetFrameworkMoniker = ".NETFramework,Version%3Dv4.5"
		Debug.AspNetCompiler.VirtualPath = "/localhost_44005"
		Debug.AspNetCompiler.PhysicalPath = "mini-tree-view-js\"
		Debug.AspNetCompiler.TargetPath = "PrecompiledWeb\localhost_44005\"
		Debug.AspNetCompiler.Updateable = "true"
		Debug.AspNetCompiler.ForceOverwrite = "true"
		Debug.AspNetCompiler.FixedNames = "false"
		Debug.AspNetCompiler.Debug = "True"
		Release.AspNetCompiler.VirtualPath = "/localhost_44005"
		Release.AspNetCompiler.PhysicalPath = "mini-tree-view-js\"
		Release.AspNetCompiler.TargetPath = "PrecompiledWeb\localhost_44005\"
		Release.AspNetCompiler.Updateable = "true"
		Release.AspNetCompiler.ForceOverwrite = "true"
		Release.AspNetCompiler.FixedNames = "false"
		Release.AspNetCompiler.Debug = "False"
		VWDPort = "44005"
		SlnRelativePath = "mini-tree-view-js\"
		DefaultWebSiteLanguage = "Visual C#"
	EndProjectSection
EndProject
Global
	GlobalSection(SolutionConfigurationPlatforms) = preSolution
		Debug|Any CPU = Debug|Any CPU
	EndGlobalSection
	GlobalSection(ProjectConfigurationPlatforms) = postSolution
		{965CD182-5A3F-4024-9BB9-B8D0027DE993}.Debug|Any CPU.ActiveCfg = Debug|Any CPU
		{965CD182-5A3F-4024-9BB9-B8D0027DE993}.Debug|Any CPU.Build.0 = Debug|Any CPU
	EndGlobalSection
	GlobalSection(SolutionProperties) = preSolution
		HideSolutionNode = FALSE
	EndGlobalSection
EndGlobal
